
Microsoft Visual Studio Solution File, Format Version 12.00
# Visual Studio Version 17
VisualStudioVersion = 17.4.33205.214
MinimumVisualStudioVersion = 10.0.40219.1
Project("{FAE04EC0-301F-11D3-BF4B-00C04F79EFBC}") = "SignalRSimple", "SignalRSimple\SignalRSimple.csproj", "{C481CC4C-2AFB-4CBA-85E3-06C371291FB0}"
EndProject
Global
	GlobalSection(SolutionConfigurationPlatforms) = preSolution
		Debug|Any CPU = Debug|Any CPU
		Release|Any CPU = Release|Any CPU
	EndGlobalSection
	GlobalSection(ProjectConfigurationPlatforms) = postSolution
		{C481CC4C-2AFB-4CBA-85E3-06C371291FB0}.Debug|Any CPU.ActiveCfg = Debug|Any CPU
		{C481CC4C-2AFB-4CBA-85E3-06C371291FB0}.Debug|Any CPU.Build.0 = Debug|Any CPU
		{C481CC4C-2AFB-4CBA-85E3-06C371291FB0}.Release|Any CPU.ActiveCfg = Release|Any CPU
		{C481CC4C-2AFB-4CBA-85E3-06C371291FB0}.Release|Any CPU.Build.0 = Release|Any CPU
	EndGlobalSection
	GlobalSection(SolutionProperties) = preSolution
		HideSolutionNode = FALSE
	EndGlobalSection
	GlobalSection(ExtensibilityGlobals) = postSolution
		SolutionGuid = {C63868C1-441D-4200-B211-132D826ACC81}
	EndGlobalSection
EndGlobal
